schema: '2.0'
stages:
  data_ingestion:
    cmd: python src/data_ingestion.py
    deps:
    - path: src/data_ingestion.py
      hash: md5
      md5: e0b5bb0235439fcc0b34a231792b2236
      size: 3528
    params:
      params.yaml:
        data_ingestion.test_size: 0.18
    outs:
    - path: data/raw
      hash: md5
      md5: 559ae6a6545db557c5378bbdd5246e96.dir
      size: 479272
      nfiles: 2
  data_preprocessing:
    cmd: python src/data_preprocessing.py
    deps:
    - path: data/raw
      hash: md5
      md5: 559ae6a6545db557c5378bbdd5246e96.dir
      size: 479272
      nfiles: 2
    - path: src/data_preprocessing.py
      hash: md5
      md5: 66a41bf489676519b3def412169410bf
      size: 3893
    outs:
    - path: data/interim
      hash: md5
      md5: 5583b02cb170b80e77a0c3d8085e0cba.dir
      size: 254506
      nfiles: 2
  feature_engineering:
    cmd: python src/feature_engineering.py
    deps:
    - path: data/interim
      hash: md5
      md5: 5583b02cb170b80e77a0c3d8085e0cba.dir
      size: 254506
      nfiles: 2
    - path: src/feature_engineering.py
      hash: md5
      md5: 76d80040dafda494d9d3fd38793c24c6
      size: 3773
    params:
      params.yaml:
        feature_engineering.max_features: 400
    outs:
    - path: data/processed
      hash: md5
      md5: 267f1028484b14f53d0a4028513f15d0.dir
      size: 8772297
      nfiles: 2
  model_building:
    cmd: python src/model_building.py
    deps:
    - path: data/processed
      hash: md5
      md5: 267f1028484b14f53d0a4028513f15d0.dir
      size: 8772297
      nfiles: 2
    - path: src/model_building.py
      hash: md5
      md5: 29d15ba57dccf7429a737debcfb35d9d
      size: 4290
    params:
      params.yaml:
        model_building.n_estimators: 200
        model_building.random_state: 2
    outs:
    - path: models/model.pkl
      hash: md5
      md5: 3a9061eb1f43f3bb92527cc4125c58c3
      size: 14683621
  model_evaluation:
    cmd: python src/model_evaluation.py
    deps:
    - path: models/model.pkl
      hash: md5
      md5: 3a9061eb1f43f3bb92527cc4125c58c3
      size: 14683621
    - path: src/model_evaluation.py
      hash: md5
      md5: bfe74557e498cda8091771252d7bbd9b
      size: 4418
    outs:
    - path: reports/metrics.json
      hash: md5
      md5: 6cc6c98c308dbeec6d898183b520c42c
      size: 140
